
Microsoft Visual Studio Solution File, Format Version 12.00
# Visual Studio Version 17
VisualStudioVersion = 17.7.34202.233
MinimumVisualStudioVersion = 10.0.40219.1
Project("{9A19103F-16F7-4668-BE54-9A1E7A4F7556}") = "IORoute.App", "src\IORoute.App\IORoute.App.csproj", "{EC56C29E-7DC9-421A-A8CE-A054A5E6FEA9}"
EndProject
Project("{9A19103F-16F7-4668-BE54-9A1E7A4F7556}") = "IORoute.Domain", "src\IORoute.Domain\IORoute.Domain.csproj", "{6ABA4CD9-88EF-4E60-927A-DB16A0712486}"
EndProject
Project("{9A19103F-16F7-4668-BE54-9A1E7A4F7556}") = "IORoute.Test", "test\IORoute.Test\IORoute.Test.csproj", "{AD654BA5-D96F-4902-A001-8F91EAAC5EB8}"
EndProject
Project("{9A19103F-16F7-4668-BE54-9A1E7A4F7556}") = "IORoute.Infra", "src\IORoute.Infra\IORoute.Infra.csproj", "{8374199A-86A5-4B6C-860D-6272D501A862}"
EndProject
Project("{9A19103F-16F7-4668-BE54-9A1E7A4F7556}") = "IORoute.API", "src\IORoute.API\IORoute.API.csproj", "{D80EC9AA-25EE-4DFF-8110-676785173058}"
EndProject
Global
	GlobalSection(SolutionConfigurationPlatforms) = preSolution
		Debug|Any CPU = Debug|Any CPU
		Release|Any CPU = Release|Any CPU
	EndGlobalSection
	GlobalSection(ProjectConfigurationPlatforms) = postSolution
		{EC56C29E-7DC9-421A-A8CE-A054A5E6FEA9}.Debug|Any CPU.ActiveCfg = Debug|Any CPU
		{EC56C29E-7DC9-421A-A8CE-A054A5E6FEA9}.Debug|Any CPU.Build.0 = Debug|Any CPU
		{EC56C29E-7DC9-421A-A8CE-A054A5E6FEA9}.Release|Any CPU.ActiveCfg = Release|Any CPU
		{EC56C29E-7DC9-421A-A8CE-A054A5E6FEA9}.Release|Any CPU.Build.0 = Release|Any CPU
		{6ABA4CD9-88EF-4E60-927A-DB16A0712486}.Debug|Any CPU.ActiveCfg = Debug|Any CPU
		{6ABA4CD9-88EF-4E60-927A-DB16A0712486}.Debug|Any CPU.Build.0 = Debug|Any CPU
		{6ABA4CD9-88EF-4E60-927A-DB16A0712486}.Release|Any CPU.ActiveCfg = Release|Any CPU
		{6ABA4CD9-88EF-4E60-927A-DB16A0712486}.Release|Any CPU.Build.0 = Release|Any CPU
		{AD654BA5-D96F-4902-A001-8F91EAAC5EB8}.Debug|Any CPU.ActiveCfg = Debug|Any CPU
		{AD654BA5-D96F-4902-A001-8F91EAAC5EB8}.Debug|Any CPU.Build.0 = Debug|Any CPU
		{AD654BA5-D96F-4902-A001-8F91EAAC5EB8}.Release|Any CPU.ActiveCfg = Release|Any CPU
		{AD654BA5-D96F-4902-A001-8F91EAAC5EB8}.Release|Any CPU.Build.0 = Release|Any CPU
		{8374199A-86A5-4B6C-860D-6272D501A862}.Debug|Any CPU.ActiveCfg = Debug|Any CPU
		{8374199A-86A5-4B6C-860D-6272D501A862}.Debug|Any CPU.Build.0 = Debug|Any CPU
		{8374199A-86A5-4B6C-860D-6272D501A862}.Release|Any CPU.ActiveCfg = Release|Any CPU
		{8374199A-86A5-4B6C-860D-6272D501A862}.Release|Any CPU.Build.0 = Release|Any CPU
		{D80EC9AA-25EE-4DFF-8110-676785173058}.Debug|Any CPU.ActiveCfg = Debug|Any CPU
		{D80EC9AA-25EE-4DFF-8110-676785173058}.Debug|Any CPU.Build.0 = Debug|Any CPU
		{D80EC9AA-25EE-4DFF-8110-676785173058}.Release|Any CPU.ActiveCfg = Release|Any CPU
		{D80EC9AA-25EE-4DFF-8110-676785173058}.Release|Any CPU.Build.0 = Release|Any CPU
	EndGlobalSection
	GlobalSection(SolutionProperties) = preSolution
		HideSolutionNode = FALSE
	EndGlobalSection
	GlobalSection(ExtensibilityGlobals) = postSolution
		SolutionGuid = {EF095471-8A45-4E44-B118-A0E19C11C53D}
	EndGlobalSection
EndGlobal
